
Microsoft Visual Studio Solution File, Format Version 12.00
# Visual Studio Version 17
VisualStudioVersion = 17.0.31912.275
MinimumVisualStudioVersion = 10.0.40219.1
Project("{FAE04EC0-301F-11D3-BF4B-00C04F79EFBC}") = "MKP_ver1", "MKP_ver1.csproj", "{C369B47C-EABF-48B5-BDC2-015FE8279BF0}"
EndProject
Global
	GlobalSection(SolutionConfigurationPlatforms) = preSolution
		Debug|Any CPU = Debug|Any CPU
		Release|Any CPU = Release|Any CPU
	EndGlobalSection
	GlobalSection(ProjectConfigurationPlatforms) = postSolution
		{C369B47C-EABF-48B5-BDC2-015FE8279BF0}.Debug|Any CPU.ActiveCfg = Debug|Any CPU
		{C369B47C-EABF-48B5-BDC2-015FE8279BF0}.Debug|Any CPU.Build.0 = Debug|Any CPU
		{C369B47C-EABF-48B5-BDC2-015FE8279BF0}.Release|Any CPU.ActiveCfg = Release|Any CPU
		{C369B47C-EABF-48B5-BDC2-015FE8279BF0}.Release|Any CPU.Build.0 = Release|Any CPU
	EndGlobalSection
	GlobalSection(SolutionProperties) = preSolution
		HideSolutionNode = FALSE
	EndGlobalSection
	GlobalSection(ExtensibilityGlobals) = postSolution
		SolutionGuid = {4C40D1CF-8532-46ED-AEA6-F4D754C72835}
	EndGlobalSection
EndGlobal
